
Microsoft Visual Studio Solution File, Format Version 12.00
# Visual Studio Version 17
VisualStudioVersion = 17.8.34511.84
MinimumVisualStudioVersion = 10.0.40219.1
Project("{FAE04EC0-301F-11D3-BF4B-00C04F79EFBC}") = "SimpleLinQ_NorthwindDatabase", "SimpleLinQ_NorthwindDatabase\SimpleLinQ_NorthwindDatabase.csproj", "{C148ECAF-666A-4E84-8D18-AAEE62656501}"
EndProject
Project("{FAE04EC0-301F-11D3-BF4B-00C04F79EFBC}") = "LinQ_MulitpleTable", "LinQ_MulitpleTable\LinQ_MulitpleTable.csproj", "{D4593130-343C-4240-92C6-EAE0BBAAB37C}"
EndProject
Global
	GlobalSection(SolutionConfigurationPlatforms) = preSolution
		Debug|Any CPU = Debug|Any CPU
		Release|Any CPU = Release|Any CPU
	EndGlobalSection
	GlobalSection(ProjectConfigurationPlatforms) = postSolution
		{C148ECAF-666A-4E84-8D18-AAEE62656501}.Debug|Any CPU.ActiveCfg = Debug|Any CPU
		{C148ECAF-666A-4E84-8D18-AAEE62656501}.Debug|Any CPU.Build.0 = Debug|Any CPU
		{C148ECAF-666A-4E84-8D18-AAEE62656501}.Release|Any CPU.ActiveCfg = Release|Any CPU
		{C148ECAF-666A-4E84-8D18-AAEE62656501}.Release|Any CPU.Build.0 = Release|Any CPU
		{D4593130-343C-4240-92C6-EAE0BBAAB37C}.Debug|Any CPU.ActiveCfg = Debug|Any CPU
		{D4593130-343C-4240-92C6-EAE0BBAAB37C}.Debug|Any CPU.Build.0 = Debug|Any CPU
		{D4593130-343C-4240-92C6-EAE0BBAAB37C}.Release|Any CPU.ActiveCfg = Release|Any CPU
		{D4593130-343C-4240-92C6-EAE0BBAAB37C}.Release|Any CPU.Build.0 = Release|Any CPU
	EndGlobalSection
	GlobalSection(SolutionProperties) = preSolution
		HideSolutionNode = FALSE
	EndGlobalSection
	GlobalSection(ExtensibilityGlobals) = postSolution
		SolutionGuid = {F0E9CC9D-F30F-4FB6-B297-44C4A10C3DF3}
	EndGlobalSection
EndGlobal
